Microsoft Visual Studio Solution File, Format Version 12.00
# Visual Studio Version 17
VisualStudioVersion = 17.5.2.0
MinimumVisualStudioVersion = 10.0.40219.1
Project("{FAE04EC0-301F-11D3-BF4B-00C04F79EFBC}") = "workhub-api", "workhub-api\workhub-api.csproj", "{6AC2F450-B149-0D85-1C41-44143EDA2660}"
EndProject
Global
	GlobalSection(SolutionConfigurationPlatforms) = preSolution
		Debug|Any CPU = Debug|Any CPU
		Release|Any CPU = Release|Any CPU
	EndGlobalSection
	GlobalSection(ProjectConfigurationPlatforms) = postSolution
		{6AC2F450-B149-0D85-1C41-44143EDA2660}.Debug|Any CPU.ActiveCfg = Debug|Any CPU
		{6AC2F450-B149-0D85-1C41-44143EDA2660}.Debug|Any CPU.Build.0 = Debug|Any CPU
		{6AC2F450-B149-0D85-1C41-44143EDA2660}.Release|Any CPU.ActiveCfg = Release|Any CPU
		{6AC2F450-B149-0D85-1C41-44143EDA2660}.Release|Any CPU.Build.0 = Release|Any CPU
	EndGlobalSection
	GlobalSection(SolutionProperties) = preSolution
		HideSolutionNode = FALSE
	EndGlobalSection
	GlobalSection(ExtensibilityGlobals) = postSolution
		SolutionGuid = {074EA2E1-B5E0-4FF7-9D04-C7950F358969}
	EndGlobalSection
EndGlobal
